
Microsoft Visual Studio Solution File, Format Version 12.00
# Visual Studio 15
VisualStudioVersion = 15.0.28307.271
MinimumVisualStudioVersion = 10.0.40219.1
Project("{FAE04EC0-301F-11D3-BF4B-00C04F79EFBC}") = "DataSetChallenge", "DataSetChallenge\DataSetChallenge.csproj", "{FF6B5150-3830-402A-B0BC-FC75E870B006}"
EndProject
Global
	GlobalSection(SolutionConfigurationPlatforms) = preSolution
		Debug|Any CPU = Debug|Any CPU
		Release|Any CPU = Release|Any CPU
	EndGlobalSection
	GlobalSection(ProjectConfigurationPlatforms) = postSolution
		{FF6B5150-3830-402A-B0BC-FC75E870B006}.Debug|Any CPU.ActiveCfg = Debug|Any CPU
		{FF6B5150-3830-402A-B0BC-FC75E870B006}.Debug|Any CPU.Build.0 = Debug|Any CPU
		{FF6B5150-3830-402A-B0BC-FC75E870B006}.Release|Any CPU.ActiveCfg = Release|Any CPU
		{FF6B5150-3830-402A-B0BC-FC75E870B006}.Release|Any CPU.Build.0 = Release|Any CPU
	EndGlobalSection
	GlobalSection(SolutionProperties) = preSolution
		HideSolutionNode = FALSE
	EndGlobalSection
	GlobalSection(ExtensibilityGlobals) = postSolution
		SolutionGuid = {34B0D96F-9FE9-49A5-A4F7-64AB35CFF0E8}
	EndGlobalSection
EndGlobal
